
Microsoft Visual Studio Solution File, Format Version 12.00
# Visual Studio Version 16
VisualStudioVersion = 16.0.29209.62
MinimumVisualStudioVersion = 10.0.40219.1
Project("{F184B08F-C81C-45F6-A57F-5ABD9991F28F}") = "QLNS5", "QLNS5\QLNS5.vbproj", "{419B95E5-DCFC-490B-AE42-EB2A5177D905}"
EndProject
Global
	GlobalSection(SolutionConfigurationPlatforms) = preSolution
		Debug|Any CPU = Debug|Any CPU
		Release|Any CPU = Release|Any CPU
	EndGlobalSection
	GlobalSection(ProjectConfigurationPlatforms) = postSolution
		{419B95E5-DCFC-490B-AE42-EB2A5177D905}.Debug|Any CPU.ActiveCfg = Debug|Any CPU
		{419B95E5-DCFC-490B-AE42-EB2A5177D905}.Debug|Any CPU.Build.0 = Debug|Any CPU
		{419B95E5-DCFC-490B-AE42-EB2A5177D905}.Release|Any CPU.ActiveCfg = Release|Any CPU
		{419B95E5-DCFC-490B-AE42-EB2A5177D905}.Release|Any CPU.Build.0 = Release|Any CPU
	EndGlobalSection
	GlobalSection(SolutionProperties) = preSolution
		HideSolutionNode = FALSE
	EndGlobalSection
	GlobalSection(ExtensibilityGlobals) = postSolution
		SolutionGuid = {25DD0868-8A59-4B80-8521-B2FAC00476EB}
	EndGlobalSection
EndGlobal
